
Microsoft Visual Studio Solution File, Format Version 12.00
# Visual Studio Version 17
VisualStudioVersion = 17.7.34024.191
MinimumVisualStudioVersion = 10.0.40219.1
Project("{888888A0-9F3D-457C-B088-3A5042F75D52}") = "PythonLesson3_z2", "PythonLesson3_z2\PythonLesson3_z2.pyproj", "{79F1D57F-A674-4E87-A439-FB5906116472}"
EndProject
Global
	GlobalSection(SolutionConfigurationPlatforms) = preSolution
		Debug|Any CPU = Debug|Any CPU
		Release|Any CPU = Release|Any CPU
	EndGlobalSection
	GlobalSection(ProjectConfigurationPlatforms) = postSolution
		{79F1D57F-A674-4E87-A439-FB5906116472}.Debug|Any CPU.ActiveCfg = Debug|Any CPU
		{79F1D57F-A674-4E87-A439-FB5906116472}.Release|Any CPU.ActiveCfg = Release|Any CPU
	EndGlobalSection
	GlobalSection(SolutionProperties) = preSolution
		HideSolutionNode = FALSE
	EndGlobalSection
	GlobalSection(ExtensibilityGlobals) = postSolution
		SolutionGuid = {A243BF5A-49A4-4921-AD47-F20AC9044C30}
	EndGlobalSection
EndGlobal
